
Microsoft Visual Studio Solution File, Format Version 12.00
# Visual Studio Version 16
VisualStudioVersion = 16.0.30804.86
MinimumVisualStudioVersion = 10.0.40219.1
Project("{9A19103F-16F7-4668-BE54-9A1E7A4F7556}") = "CheckNoteNet5.Server", "CheckNoteNet5\Server\CheckNoteNet5.Server.csproj", "{8E7C4F60-BF68-4463-A627-B1E6B709D162}"
EndProject
Project("{9A19103F-16F7-4668-BE54-9A1E7A4F7556}") = "CheckNoteNet5.Client", "CheckNoteNet5\Client\CheckNoteNet5.Client.csproj", "{1954204F-2216-4C03-BB92-E2FDDDD7D0CB}"
EndProject
Project("{9A19103F-16F7-4668-BE54-9A1E7A4F7556}") = "CheckNoteNet5.Shared", "CheckNoteNet5\Shared\CheckNoteNet5.Shared.csproj", "{9C48CD7B-A69E-4B36-825D-0D6434874D32}"
EndProject
Global
	GlobalSection(SolutionConfigurationPlatforms) = preSolution
		Debug|Any CPU = Debug|Any CPU
		Release|Any CPU = Release|Any CPU
	EndGlobalSection
	GlobalSection(ProjectConfigurationPlatforms) = postSolution
		{8E7C4F60-BF68-4463-A627-B1E6B709D162}.Debug|Any CPU.ActiveCfg = Debug|Any CPU
		{8E7C4F60-BF68-4463-A627-B1E6B709D162}.Debug|Any CPU.Build.0 = Debug|Any CPU
		{8E7C4F60-BF68-4463-A627-B1E6B709D162}.Release|Any CPU.ActiveCfg = Release|Any CPU
		{8E7C4F60-BF68-4463-A627-B1E6B709D162}.Release|Any CPU.Build.0 = Release|Any CPU
		{1954204F-2216-4C03-BB92-E2FDDDD7D0CB}.Debug|Any CPU.ActiveCfg = Debug|Any CPU
		{1954204F-2216-4C03-BB92-E2FDDDD7D0CB}.Debug|Any CPU.Build.0 = Debug|Any CPU
		{1954204F-2216-4C03-BB92-E2FDDDD7D0CB}.Release|Any CPU.ActiveCfg = Release|Any CPU
		{1954204F-2216-4C03-BB92-E2FDDDD7D0CB}.Release|Any CPU.Build.0 = Release|Any CPU
		{9C48CD7B-A69E-4B36-825D-0D6434874D32}.Debug|Any CPU.ActiveCfg = Debug|Any CPU
		{9C48CD7B-A69E-4B36-825D-0D6434874D32}.Debug|Any CPU.Build.0 = Debug|Any CPU
		{9C48CD7B-A69E-4B36-825D-0D6434874D32}.Release|Any CPU.ActiveCfg = Release|Any CPU
		{9C48CD7B-A69E-4B36-825D-0D6434874D32}.Release|Any CPU.Build.0 = Release|Any CPU
	EndGlobalSection
	GlobalSection(SolutionProperties) = preSolution
		HideSolutionNode = FALSE
	EndGlobalSection
	GlobalSection(ExtensibilityGlobals) = postSolution
		SolutionGuid = {982C0ED8-A192-4583-8AD8-EAA1C3912899}
	EndGlobalSection
EndGlobal
